PODS:
  - agora_rtc_engine (6.5.2):
    - AgoraIrisRTC_iOS (= 4.5.2-build.1)
    - AgoraRtcEngine_iOS (= 4.5.2)
    - Flutter
  - AgoraInfra_iOS (1.2.13.1)
  - AgoraIrisRTC_iOS (4.5.2-build.1)
  - AgoraRtcEngine_iOS (4.5.2):
    - AgoraRtcEngine_iOS/AIAEC (= 4.5.2)
    - AgoraRtcEngine_iOS/AIAECLL (= 4.5.2)
    - AgoraRtcEngine_iOS/AINS (= 4.5.2)
    - AgoraRtcEngine_iOS/AINSLL (= 4.5.2)
    - AgoraRtcEngine_iOS/AudioBeauty (= 4.5.2)
    - AgoraRtcEngine_iOS/ClearVision (= 4.5.2)
    - AgoraRtcEngine_iOS/ContentInspect (= 4.5.2)
    - AgoraRtcEngine_iOS/FaceCapture (= 4.5.2)
    - AgoraRtcEngine_iOS/FaceDetection (= 4.5.2)
    - AgoraRtcEngine_iOS/LipSync (= 4.5.2)
    - AgoraRtcEngine_iOS/ReplayKit (= 4.5.2)
    - AgoraRtcEngine_iOS/RtcBasic (= 4.5.2)
    - AgoraRtcEngine_iOS/SpatialAudio (= 4.5.2)
    - AgoraRtcEngine_iOS/VideoAv1CodecDec (= 4.5.2)
    - AgoraRtcEngine_iOS/VideoAv1CodecEnc (= 4.5.2)
    - AgoraRtcEngine_iOS/VideoCodecDec (= 4.5.2)
    - AgoraRtcEngine_iOS/VideoCodecEnc (= 4.5.2)
    - AgoraRtcEngine_iOS/VirtualBackground (= 4.5.2)
    - AgoraRtcEngine_iOS/VQA (= 4.5.2)
  - AgoraRtcEngine_iOS/AIAEC (4.5.2)
  - AgoraRtcEngine_iOS/AIAECLL (4.5.2)
  - AgoraRtcEngine_iOS/AINS (4.5.2)
  - AgoraRtcEngine_iOS/AINSLL (4.5.2)
  - AgoraRtcEngine_iOS/AudioBeauty (4.5.2)
  - AgoraRtcEngine_iOS/ClearVision (4.5.2)
  - AgoraRtcEngine_iOS/ContentInspect (4.5.2)
  - AgoraRtcEngine_iOS/FaceCapture (4.5.2)
  - AgoraRtcEngine_iOS/FaceDetection (4.5.2)
  - AgoraRtcEngine_iOS/LipSync (4.5.2)
  - AgoraRtcEngine_iOS/ReplayKit (4.5.2)
  - AgoraRtcEngine_iOS/RtcBasic (4.5.2):
    - AgoraInfra_iOS (= 1.2.13.1)
  - AgoraRtcEngine_iOS/SpatialAudio (4.5.2)
  - AgoraRtcEngine_iOS/VideoAv1CodecDec (4.5.2)
  - AgoraRtcEngine_iOS/VideoAv1CodecEnc (4.5.2)
  - AgoraRtcEngine_iOS/VideoCodecDec (4.5.2)
  - AgoraRtcEngine_iOS/VideoCodecEnc (4.5.2)
  - AgoraRtcEngine_iOS/VirtualBackground (4.5.2)
  - AgoraRtcEngine_iOS/VQA (4.5.2)
  - app_badge_plus (1.2.6):
    - Flutter
  - audio_waveforms (0.0.1):
    - Flutter
  - audioplayers_darwin (0.0.1):
    - Flutter
    - FlutterMacOS
  - background_downloader (0.0.1):
    - Flutter
  - blurhash (0.0.1):
    - Flutter
  - camera_avfoundation (0.0.1):
    - Flutter
  - connectivity_plus (0.0.1):
    - Flutter
  - CryptoSwift (1.8.4)
  - device_info_plus (0.0.1):
    - Flutter
  - DKImagePickerController/Core (4.3.9):
    - DKImagePickerController/ImageDataManager
    - DKImagePickerController/Resource
  - DKImagePickerController/ImageDataManager (4.3.9)
  - DKImagePickerController/PhotoGallery (4.3.9):
    - DKImagePickerController/Core
    - DKPhotoGallery
  - DKImagePickerController/Resource (4.3.9)
  - DKPhotoGallery (0.0.19):
    - DKPhotoGallery/Core (= 0.0.19)
    - DKPhotoGallery/Model (= 0.0.19)
    - DKPhotoGallery/Preview (= 0.0.19)
    - DKPhotoGallery/Resource (= 0.0.19)
    - SDWebImage
    - SwiftyGif
  - DKPhotoGallery/Core (0.0.19):
    - DKPhotoGallery/Model
    - DKPhotoGallery/Preview
    - SDWebImage
    - SwiftyGif
  - DKPhotoGallery/Model (0.0.19):
    - SDWebImage
    - SwiftyGif
  - DKPhotoGallery/Preview (0.0.19):
    - DKPhotoGallery/Model
    - DKPhotoGallery/Resource
    - SDWebImage
    - SwiftyGif
  - DKPhotoGallery/Resource (0.0.19):
    - SDWebImage
    - SwiftyGif
  - emoji_picker_flutter (0.0.1):
    - Flutter
  - eraser (0.0.1):
    - Flutter
  - file_picker (0.0.1):
    - DKImagePickerController/PhotoGallery
    - Flutter
  - file_saver (0.0.1):
    - Flutter
  - Firebase/CoreOnly (12.6.0):
    - FirebaseCore (~> 12.6.0)
  - Firebase/Messaging (12.6.0):
    - Firebase/CoreOnly
    - FirebaseMessaging (~> 12.6.0)
  - firebase_core (4.3.0):
    - Firebase/CoreOnly (= 12.6.0)
    - Flutter
  - firebase_messaging (16.1.0):
    - Firebase/Messaging (= 12.6.0)
    - firebase_core
    - Flutter
  - FirebaseCore (12.6.0):
    - FirebaseCoreInternal (~> 12.6.0)
    - GoogleUtilities/Environment (~> 8.1)
    - GoogleUtilities/Logger (~> 8.1)
  - FirebaseCoreInternal (12.6.0):
    - "GoogleUtilities/NSData+zlib (~> 8.1)"
  - FirebaseInstallations (12.6.0):
    - FirebaseCore (~> 12.6.0)
    - GoogleUtilities/Environment (~> 8.1)
    - GoogleUtilities/UserDefaults (~> 8.1)
    - PromisesObjC (~> 2.4)
  - FirebaseMessaging (12.6.0):
    - FirebaseCore (~> 12.6.0)
    - FirebaseInstallations (~> 12.6.0)
    - GoogleDataTransport (~> 10.1)
    - GoogleUtilities/AppDelegateSwizzler (~> 8.1)
    - GoogleUtilities/Environment (~> 8.1)
    - GoogleUtilities/Reachability (~> 8.1)
    - GoogleUtilities/UserDefaults (~> 8.1)
    - nanopb (~> 3.30910.0)
  - Flutter (1.0.0)
  - flutter_callkit_incoming (0.0.1):
    - CryptoSwift
    - Flutter
  - flutter_contacts (0.0.1):
    - Flutter
  - flutter_fgbg (0.0.1):
    - Flutter
  - flutter_foreground_task (0.0.1):
    - Flutter
  - flutter_image_compress_common (1.0.0):
    - Flutter
    - Mantle
    - SDWebImage
    - SDWebImageWebPCoder
  - flutter_local_notifications (0.0.1):
    - Flutter
  - flutter_native_splash (2.4.3):
    - Flutter
  - flutter_native_video_trimmer (1.0.0):
    - Flutter
  - flutter_ringtone_player (0.0.1):
    - Flutter
  - flutter_vlc_player (3.0.3):
    - Flutter
    - MobileVLCKit (~> 3.6.1b1)
  - gal (1.0.0):
    - Flutter
    - FlutterMacOS
  - geocoding_ios (1.0.5):
    - Flutter
  - geolocator_apple (1.2.0):
    - Flutter
    - FlutterMacOS
  - get_thumbnail_video (0.0.1):
    - Flutter
    - libwebp
  - Google-Maps-iOS-Utils (6.1.0):
    - GoogleMaps (~> 9.0)
  - Google-Mobile-Ads-SDK (12.14.0):
    - GoogleUserMessagingPlatform (>= 1.1)
  - google_maps_flutter_ios (0.0.1):
    - Flutter
    - Google-Maps-iOS-Utils (< 7.0, >= 5.0)
    - GoogleMaps (< 10.0, >= 8.4)
  - google_mobile_ads (7.0.0):
    - Flutter
    - Google-Mobile-Ads-SDK (~> 12.14.0)
    - webview_flutter_wkwebview
  - GoogleDataTransport (10.1.0):
    - nanopb (~> 3.30910.0)
    - PromisesObjC (~> 2.4)
  - GoogleMaps (9.4.0):
    - GoogleMaps/Maps (= 9.4.0)
  - GoogleMaps/Maps (9.4.0)
  - GoogleUserMessagingPlatform (3.1.0)
  - GoogleUtilities/AppDelegateSwizzler (8.1.0):
    - GoogleUtilities/Environment
    - GoogleUtilities/Logger
    - GoogleUtilities/Network
    - GoogleUtilities/Privacy
  - GoogleUtilities/Environment (8.1.0):
    - GoogleUtilities/Privacy
  - GoogleUtilities/Logger (8.1.0):
    - GoogleUtilities/Environment
    - GoogleUtilities/Privacy
  - GoogleUtilities/Network (8.1.0):
    - GoogleUtilities/Logger
    - "GoogleUtilities/NSData+zlib"
    - GoogleUtilities/Privacy
    - GoogleUtilities/Reachability
  - "GoogleUtilities/NSData+zlib (8.1.0)":
    - GoogleUtilities/Privacy
  - GoogleUtilities/Privacy (8.1.0)
  - GoogleUtilities/Reachability (8.1.0):
    - GoogleUtilities/Logger
    - GoogleUtilities/Privacy
  - GoogleUtilities/UserDefaults (8.1.0):
    - GoogleUtilities/Logger
    - GoogleUtilities/Privacy
  - image_cropper (0.0.4):
    - Flutter
    - TOCropViewController (~> 2.8.0)
  - image_picker_ios (0.0.1):
    - Flutter
  - iris_method_channel (0.0.1):
    - Flutter
  - libwebp (1.5.0):
    - libwebp/demux (= 1.5.0)
    - libwebp/mux (= 1.5.0)
    - libwebp/sharpyuv (= 1.5.0)
    - libwebp/webp (= 1.5.0)
  - libwebp/demux (1.5.0):
    - libwebp/webp
  - libwebp/mux (1.5.0):
    - libwebp/demux
  - libwebp/sharpyuv (1.5.0)
  - libwebp/webp (1.5.0):
    - libwebp/sharpyuv
  - Mantle (2.2.0):
    - Mantle/extobjc (= 2.2.0)
  - Mantle/extobjc (2.2.0)
  - map_launcher (0.0.1):
    - Flutter
  - MobileVLCKit (3.6.1b1)
  - nanopb (3.30910.0):
    - nanopb/decode (= 3.30910.0)
    - nanopb/encode (= 3.30910.0)
  - nanopb/decode (3.30910.0)
  - nanopb/encode (3.30910.0)
  - open_filex (0.0.2):
    - Flutter
  - package_info_plus (0.4.5):
    - Flutter
  - pasteboard (0.0.1):
    - Flutter
  - path_provider_foundation (0.0.1):
    - Flutter
    - FlutterMacOS
  - permission_handler_apple (9.3.0):
    - Flutter
  - photo_manager (3.7.1):
    - Flutter
    - FlutterMacOS
  - PromisesObjC (2.4.0)
  - record_ios (1.1.0):
    - Flutter
  - SDWebImage (5.21.5):
    - SDWebImage/Core (= 5.21.5)
  - SDWebImage/Core (5.21.5)
  - SDWebImageWebPCoder (0.15.0):
    - libwebp (~> 1.0)
    - SDWebImage/Core (~> 5.17)
  - sensors_plus (0.0.1):
    - Flutter
  - share_handler_ios (0.0.14):
    - Flutter
    - share_handler_ios/share_handler_ios_models (= 0.0.14)
    - share_handler_ios_models
  - share_handler_ios/share_handler_ios_models (0.0.14):
    - Flutter
    - share_handler_ios_models
  - share_handler_ios_models (0.0.9)
  - share_plus (0.0.1):
    - Flutter
  - shared_preferences_foundation (0.0.1):
    - Flutter
    - FlutterMacOS
  - sqflite_darwin (0.0.4):
    - Flutter
    - FlutterMacOS
  - sqlite3 (3.51.1):
    - sqlite3/common (= 3.51.1)
  - sqlite3/common (3.51.1)
  - sqlite3/dbstatvtab (3.51.1):
    - sqlite3/common
  - sqlite3/fts5 (3.51.1):
    - sqlite3/common
  - sqlite3/math (3.51.1):
    - sqlite3/common
  - sqlite3/perf-threadsafe (3.51.1):
    - sqlite3/common
  - sqlite3/rtree (3.51.1):
    - sqlite3/common
  - sqlite3/session (3.51.1):
    - sqlite3/common
  - sqlite3_flutter_libs (0.0.1):
    - Flutter
    - FlutterMacOS
    - sqlite3 (~> 3.51.1)
    - sqlite3/dbstatvtab
    - sqlite3/fts5
    - sqlite3/math
    - sqlite3/perf-threadsafe
    - sqlite3/rtree
    - sqlite3/session
  - SwiftyGif (5.4.5)
  - TOCropViewController (2.8.0)
  - url_launcher_ios (0.0.1):
    - Flutter
  - v_video_compressor (1.2.1):
    - Flutter
  - video_player_avfoundation (0.0.1):
    - Flutter
    - FlutterMacOS
  - wakelock_plus (0.0.1):
    - Flutter
  - webview_flutter_wkwebview (0.0.1):
    - Flutter
    - FlutterMacOS

DEPENDENCIES:
  - agora_rtc_engine (from `.symlinks/plugins/agora_rtc_engine/ios`)
  - app_badge_plus (from `.symlinks/plugins/app_badge_plus/ios`)
  - audio_waveforms (from `.symlinks/plugins/audio_waveforms/ios`)
  - audioplayers_darwin (from `.symlinks/plugins/audioplayers_darwin/darwin`)
  - background_downloader (from `.symlinks/plugins/background_downloader/ios`)
  - blurhash (from `.symlinks/plugins/blurhash/ios`)
  - camera_avfoundation (from `.symlinks/plugins/camera_avfoundation/ios`)
  - connectivity_plus (from `.symlinks/plugins/connectivity_plus/ios`)
  - device_info_plus (from `.symlinks/plugins/device_info_plus/ios`)
  - emoji_picker_flutter (from `.symlinks/plugins/emoji_picker_flutter/ios`)
  - eraser (from `.symlinks/plugins/eraser/ios`)
  - file_picker (from `.symlinks/plugins/file_picker/ios`)
  - file_saver (from `.symlinks/plugins/file_saver/ios`)
  - firebase_core (from `.symlinks/plugins/firebase_core/ios`)
  - firebase_messaging (from `.symlinks/plugins/firebase_messaging/ios`)
  - Flutter (from `Flutter`)
  - flutter_callkit_incoming (from `.symlinks/plugins/flutter_callkit_incoming/ios`)
  - flutter_contacts (from `.symlinks/plugins/flutter_contacts/ios`)
  - flutter_fgbg (from `.symlinks/plugins/flutter_fgbg/ios`)
  - flutter_foreground_task (from `.symlinks/plugins/flutter_foreground_task/ios`)
  - flutter_image_compress_common (from `.symlinks/plugins/flutter_image_compress_common/ios`)
  - flutter_local_notifications (from `.symlinks/plugins/flutter_local_notifications/ios`)
  - flutter_native_splash (from `.symlinks/plugins/flutter_native_splash/ios`)
  - flutter_native_video_trimmer (from `.symlinks/plugins/flutter_native_video_trimmer/ios`)
  - flutter_ringtone_player (from `.symlinks/plugins/flutter_ringtone_player/ios`)
  - flutter_vlc_player (from `.symlinks/plugins/flutter_vlc_player/ios`)
  - gal (from `.symlinks/plugins/gal/darwin`)
  - geocoding_ios (from `.symlinks/plugins/geocoding_ios/ios`)
  - geolocator_apple (from `.symlinks/plugins/geolocator_apple/darwin`)
  - get_thumbnail_video (from `.symlinks/plugins/get_thumbnail_video/ios`)
  - google_maps_flutter_ios (from `.symlinks/plugins/google_maps_flutter_ios/ios`)
  - google_mobile_ads (from `.symlinks/plugins/google_mobile_ads/ios`)
  - image_cropper (from `.symlinks/plugins/image_cropper/ios`)
  - image_picker_ios (from `.symlinks/plugins/image_picker_ios/ios`)
  - iris_method_channel (from `.symlinks/plugins/iris_method_channel/ios`)
  - map_launcher (from `.symlinks/plugins/map_launcher/ios`)
  - open_filex (from `.symlinks/plugins/open_filex/ios`)
  - package_info_plus (from `.symlinks/plugins/package_info_plus/ios`)
  - pasteboard (from `.symlinks/plugins/pasteboard/ios`)
  - path_provider_foundation (from `.symlinks/plugins/path_provider_foundation/darwin`)
  - permission_handler_apple (from `.symlinks/plugins/permission_handler_apple/ios`)
  - photo_manager (from `.symlinks/plugins/photo_manager/ios`)
  - record_ios (from `.symlinks/plugins/record_ios/ios`)
  - sensors_plus (from `.symlinks/plugins/sensors_plus/ios`)
  - share_handler_ios (from `.symlinks/plugins/share_handler_ios/ios`)
  - share_handler_ios_models (from `.symlinks/plugins/share_handler_ios/ios/Models`)
  - share_plus (from `.symlinks/plugins/share_plus/ios`)
  - shared_preferences_foundation (from `.symlinks/plugins/shared_preferences_foundation/darwin`)
  - sqflite_darwin (from `.symlinks/plugins/sqflite_darwin/darwin`)
  - sqlite3_flutter_libs (from `.symlinks/plugins/sqlite3_flutter_libs/darwin`)
  - url_launcher_ios (from `.symlinks/plugins/url_launcher_ios/ios`)
  - v_video_compressor (from `.symlinks/plugins/v_video_compressor/ios`)
  - video_player_avfoundation (from `.symlinks/plugins/video_player_avfoundation/darwin`)
  - wakelock_plus (from `.symlinks/plugins/wakelock_plus/ios`)
  - webview_flutter_wkwebview (from `.symlinks/plugins/webview_flutter_wkwebview/darwin`)

SPEC REPOS:
  trunk:
    - AgoraInfra_iOS
    - AgoraIrisRTC_iOS
    - AgoraRtcEngine_iOS
    - CryptoSwift
    - DKImagePickerController
    - DKPhotoGallery
    - Firebase
    - FirebaseCore
    - FirebaseCoreInternal
    - FirebaseInstallations
    - FirebaseMessaging
    - Google-Maps-iOS-Utils
    - Google-Mobile-Ads-SDK
    - GoogleDataTransport
    - GoogleMaps
    - GoogleUserMessagingPlatform
    - GoogleUtilities
    - libwebp
    - Mantle
    - MobileVLCKit
    - nanopb
    - PromisesObjC
    - SDWebImage
    - SDWebImageWebPCoder
    - sqlite3
    - SwiftyGif
    - TOCropViewController

EXTERNAL SOURCES:
  agora_rtc_engine:
    :path: ".symlinks/plugins/agora_rtc_engine/ios"
  app_badge_plus:
    :path: ".symlinks/plugins/app_badge_plus/ios"
  audio_waveforms:
    :path: ".symlinks/plugins/audio_waveforms/ios"
  audioplayers_darwin:
    :path: ".symlinks/plugins/audioplayers_darwin/darwin"
  background_downloader:
    :path: ".symlinks/plugins/background_downloader/ios"
  blurhash:
    :path: ".symlinks/plugins/blurhash/ios"
  camera_avfoundation:
    :path: ".symlinks/plugins/camera_avfoundation/ios"
  connectivity_plus:
    :path: ".symlinks/plugins/connectivity_plus/ios"
  device_info_plus:
    :path: ".symlinks/plugins/device_info_plus/ios"
  emoji_picker_flutter:
    :path: ".symlinks/plugins/emoji_picker_flutter/ios"
  eraser:
    :path: ".symlinks/plugins/eraser/ios"
  file_picker:
    :path: ".symlinks/plugins/file_picker/ios"
  file_saver:
    :path: ".symlinks/plugins/file_saver/ios"
  firebase_core:
    :path: ".symlinks/plugins/firebase_core/ios"
  firebase_messaging:
    :path: ".symlinks/plugins/firebase_messaging/ios"
  Flutter:
    :path: Flutter
  flutter_callkit_incoming:
    :path: ".symlinks/plugins/flutter_callkit_incoming/ios"
  flutter_contacts:
    :path: ".symlinks/plugins/flutter_contacts/ios"
  flutter_fgbg:
    :path: ".symlinks/plugins/flutter_fgbg/ios"
  flutter_foreground_task:
    :path: ".symlinks/plugins/flutter_foreground_task/ios"
  flutter_image_compress_common:
    :path: ".symlinks/plugins/flutter_image_compress_common/ios"
  flutter_local_notifications:
    :path: ".symlinks/plugins/flutter_local_notifications/ios"
  flutter_native_splash:
    :path: ".symlinks/plugins/flutter_native_splash/ios"
  flutter_native_video_trimmer:
    :path: ".symlinks/plugins/flutter_native_video_trimmer/ios"
  flutter_ringtone_player:
    :path: ".symlinks/plugins/flutter_ringtone_player/ios"
  flutter_vlc_player:
    :path: ".symlinks/plugins/flutter_vlc_player/ios"
  gal:
    :path: ".symlinks/plugins/gal/darwin"
  geocoding_ios:
    :path: ".symlinks/plugins/geocoding_ios/ios"
  geolocator_apple:
    :path: ".symlinks/plugins/geolocator_apple/darwin"
  get_thumbnail_video:
    :path: ".symlinks/plugins/get_thumbnail_video/ios"
  google_maps_flutter_ios:
    :path: ".symlinks/plugins/google_maps_flutter_ios/ios"
  google_mobile_ads:
    :path: ".symlinks/plugins/google_mobile_ads/ios"
  image_cropper:
    :path: ".symlinks/plugins/image_cropper/ios"
  image_picker_ios:
    :path: ".symlinks/plugins/image_picker_ios/ios"
  iris_method_channel:
    :path: ".symlinks/plugins/iris_method_channel/ios"
  map_launcher:
    :path: ".symlinks/plugins/map_launcher/ios"
  open_filex:
    :path: ".symlinks/plugins/open_filex/ios"
  package_info_plus:
    :path: ".symlinks/plugins/package_info_plus/ios"
  pasteboard:
    :path: ".symlinks/plugins/pasteboard/ios"
  path_provider_foundation:
    :path: ".symlinks/plugins/path_provider_foundation/darwin"
  permission_handler_apple:
    :path: ".symlinks/plugins/permission_handler_apple/ios"
  photo_manager:
    :path: ".symlinks/plugins/photo_manager/ios"
  record_ios:
    :path: ".symlinks/plugins/record_ios/ios"
  sensors_plus:
    :path: ".symlinks/plugins/sensors_plus/ios"
  share_handler_ios:
    :path: ".symlinks/plugins/share_handler_ios/ios"
  share_handler_ios_models:
    :path: ".symlinks/plugins/share_handler_ios/ios/Models"
  share_plus:
    :path: ".symlinks/plugins/share_plus/ios"
  shared_preferences_foundation:
    :path: ".symlinks/plugins/shared_preferences_foundation/darwin"
  sqflite_darwin:
    :path: ".symlinks/plugins/sqflite_darwin/darwin"
  sqlite3_flutter_libs:
    :path: ".symlinks/plugins/sqlite3_flutter_libs/darwin"
  url_launcher_ios:
    :path: ".symlinks/plugins/url_launcher_ios/ios"
  v_video_compressor:
    :path: ".symlinks/plugins/v_video_compressor/ios"
  video_player_avfoundation:
    :path: ".symlinks/plugins/video_player_avfoundation/darwin"
  wakelock_plus:
    :path: ".symlinks/plugins/wakelock_plus/ios"
  webview_flutter_wkwebview:
    :path: ".symlinks/plugins/webview_flutter_wkwebview/darwin"

SPEC CHECKSUMS:
  agora_rtc_engine: 0d2a3487733a1eb99375cf9cce11f2b5d9d4c9e1
  AgoraInfra_iOS: 3691b2b277a1712a35ae96de25af319de0d73d08
  AgoraIrisRTC_iOS: eab58c126439adf5ec99632828a558ea216860da
  AgoraRtcEngine_iOS: 97e2398a2addda9057815a2a583a658e36796ff6
  app_badge_plus: d13997a69d78ae6cafd6353b17d4033897b54f4c
  audio_waveforms: cd736909ebc6b6a164eb74701d8c705ce3241e1c
  audioplayers_darwin: 4027b33a8f471d996c13f71cb77f0b1583b5d923
  background_downloader: a05c77d32a0d70615b9c04577aa203535fc924ff
  blurhash: 7f29ee116e0c2674e0a765b5df1f9767239bc279
  camera_avfoundation: adb0207d868b2d873e895371d88448399ab78d87
  connectivity_plus: 2a701ffec2c0ae28a48cf7540e279787e77c447d
  CryptoSwift: e64e11850ede528a02a0f3e768cec8e9d92ecb90
  device_info_plus: bf2e3232933866d73fe290f2942f2156cdd10342
  DKImagePickerController: 946cec48c7873164274ecc4624d19e3da4c1ef3c
  DKPhotoGallery: b3834fecb755ee09a593d7c9e389d8b5d6deed60
  emoji_picker_flutter: 8e50ec5caac456a23a78637e02c6293ea0ac8771
  eraser: 23d701c0ff53a9d042581459b752fd76a6ad6ca4
  file_picker: b159e0c068aef54932bb15dc9fd1571818edaf49
  file_saver: 503e386464dbe118f630e17b4c2e1190fa0cf808
  Firebase: a451a7b61536298fd5cbfe3a746fd40443a50679
  firebase_core: 7ca5e04fc97329a2245376eba53c5bed113ca21e
  firebase_messaging: d9fd1aeeabefbbee02336521ccd19fc6e93c4625
  FirebaseCore: 0e38ad5d62d980a47a64b8e9301ffa311457be04
  FirebaseCoreInternal: 69bf1306a05b8ac43004f6cc1f804bb7b05b229e
  FirebaseInstallations: 631b38da2e11a83daa4bfb482f79d286a5dfa7ad
  FirebaseMessaging: a61bc42dcab3f7a346d94bbb54dab2c9435b18b2
  Flutter: cabc95a1d2626b1b06e7179b784ebcf0c0cde467
  flutter_callkit_incoming: 417dd1b46541cdd5d855ad795ccbe97d1c18155e
  flutter_contacts: edb1c5ce76aa433e20e6cb14c615f4c0b66e0983
  flutter_fgbg: 31c0d1140a131daea2d342121808f6aa0dcd879d
  flutter_foreground_task: 21ef182ab0a29a3005cc72cd70e5f45cb7f7f817
  flutter_image_compress_common: ec1d45c362c9d30a3f6a0426c297f47c52007e3e
  flutter_local_notifications: ff50f8405aaa0ccdc7dcfb9022ca192e8ad9688f
  flutter_native_splash: df59bb2e1421aa0282cb2e95618af4dcb0c56c29
  flutter_native_video_trimmer: 3a81cd49c8b789ed448a5d1606617633550496b5
  flutter_ringtone_player: 15eba85187230b87b2512f0e1b92225618bc03e7
  flutter_vlc_player: 1508e7989e41d11328e4fa4c9a1f188c7cf4cf7a
  gal: 6a522c75909f1244732d4596d11d6a2f86ff37a5
  geocoding_ios: eafacae6ad11a1eb56681f7d11df602a5fd49416
  geolocator_apple: 66b711889fd333205763b83c9dcf0a57a28c7afd
  get_thumbnail_video: b9a180957daed3e9179e66268db51d8798e41f65
  Google-Maps-iOS-Utils: 0a484b05ed21d88c9f9ebbacb007956edd508a96
  Google-Mobile-Ads-SDK: 4534fd2dfcd3f705c5485a6633c5188d03d4eed2
  google_maps_flutter_ios: e31555a04d1986ab130f2b9f24b6cdc861acc6d3
  google_mobile_ads: 2ba32ffef4a026aa94f526774a40a14ca9662adf
  GoogleDataTransport: aae35b7ea0c09004c3797d53c8c41f66f219d6a7
  GoogleMaps: 0608099d4870cac8754bdba9b6953db543432438
  GoogleUserMessagingPlatform: befe603da6501006420c206222acd449bba45a9c
  GoogleUtilities: 00c88b9a86066ef77f0da2fab05f65d7768ed8e1
  image_cropper: b8ef14d3fcff4040b0f9da2ca28d98219a5cba0e
  image_picker_ios: 4f2f91b01abdb52842a8e277617df877e40f905b
  iris_method_channel: 4e3fe7fe6b2db1b84feae956e98ce1479402627a
  libwebp: 02b23773aedb6ff1fd38cec7a77b81414c6842a8
  Mantle: c5aa8794a29a022dfbbfc9799af95f477a69b62d
  map_launcher: 8a4e484aaddff55680a7da9bc9e25f512067fb87
  MobileVLCKit: 2d9c7c373393ae43086aeeff890bf0b1afc15c5c
  nanopb: fad817b59e0457d11a5dfbde799381cd727c1275
  open_filex: 6e26e659846ec990262224a12ef1c528bb4edbe4
  package_info_plus: c0502532a26c7662a62a356cebe2692ec5fe4ec4
  pasteboard: 982969ebaa7c78af3e6cc7761e8f5e77565d9ce0
  path_provider_foundation: 2b6b4c569c0fb62ec74538f866245ac84301af46
  permission_handler_apple: 9878588469a2b0d0fc1e048d9f43605f92e6cec2
  photo_manager: 81954a1bf804b6e882d0453b3b6bc7fad7b47d3d
  PromisesObjC: f5707f49cb48b9636751c5b2e7d227e43fba9f47
  record_ios: 840d21cce013c5a3b2168b74a54ebdb4136359e2
  SDWebImage: e9c98383c7572d713c1a0d7dd2783b10599b9838
  SDWebImageWebPCoder: 0e06e365080397465cc73a7a9b472d8a3bd0f377
  sensors_plus: 7229095999f30740798f0eeef5cd120357a8f4f2
  share_handler_ios: 6dd3a4ac5ca0d955274aec712ba0ecdcaf583e7c
  share_handler_ios_models: fc638c9b4330dc7f082586c92aee9dfa0b87b871
  share_plus: 8b6f8b3447e494cca5317c8c3073de39b3600d1f
  shared_preferences_foundation: fcdcbc04712aee1108ac7fda236f363274528f78
  sqflite_darwin: 5a7236e3b501866c1c9befc6771dfd73ffb8702d
  sqlite3: 8d708bc63e9f4ce48f0ad9d6269e478c5ced1d9b
  sqlite3_flutter_libs: c7b32a4d17d2cbad19895873ccc815f276b1f125
  SwiftyGif: 706c60cf65fa2bc5ee0313beece843c8eb8194d4
  TOCropViewController: 797deaf39c90e6e9ddd848d88817f6b9a8a09888
  url_launcher_ios: 5334b05cef931de560670eeae103fd3e431ac3fe
  v_video_compressor: 8669f7d73671319652cb97614b7fa4ddc2898aa5
  video_player_avfoundation: 7c6c11d8470e1675df7397027218274b6d2360b3
  wakelock_plus: 76957ab028e12bfa4e66813c99e46637f367fc7e
  webview_flutter_wkwebview: 29eb20d43355b48fe7d07113835b9128f84e3af4

PODFILE CHECKSUM: 3466ce40fca1094595dbee9c66d9e23b8b44e749

COCOAPODS: 1.16.2
